// !$*UTF8*$!
{
	archiveVersion = 1;
	classes = {
	};
	objectVersion = 55;
	objects = {

/* Begin PBXBuildFile section */
		7873169228FE12E20002CE95 /* CommentCell.swift in Sources */ = {isa = PBXBuildFile; fileRef = 7873169128FE12E20002CE95 /* CommentCell.swift */; };
		78AD13A228F0E59D00D81A7D /* AppDelegate.swift in Sources */ = {isa = PBXBuildFile; fileRef = 78AD13A128F0E59D00D81A7D /* AppDelegate.swift */; };
		78AD13A428F0E59D00D81A7D /* SceneDelegate.swift in Sources */ = {isa = PBXBuildFile; fileRef = 78AD13A328F0E59D00D81A7D /* SceneDelegate.swift */; };
		78AD13A928F0E59D00D81A7D /* Main.storyboard in Resources */ = {isa = PBXBuildFile; fileRef = 78AD13A728F0E59D00D81A7D /* Main.storyboard */; };
		78AD13AB28F0E59E00D81A7D /* Assets.xcassets in Resources */ = {isa = PBXBuildFile; fileRef = 78AD13AA28F0E59E00D81A7D /* Assets.xcassets */; };
		78AD13AE28F0E59E00D81A7D /* LaunchScreen.storyboard in Resources */ = {isa = PBXBuildFile; fileRef = 78AD13AC28F0E59E00D81A7D /* LaunchScreen.storyboard */; };
		78AD13B928F0E59E00D81A7D /* InstagramTests.swift in Sources */ = {isa = PBXBuildFile; fileRef = 78AD13B828F0E59E00D81A7D /* InstagramTests.swift */; };
		78AD13C328F0E59E00D81A7D /* InstagramUITests.swift in Sources */ = {isa = PBXBuildFile; fileRef = 78AD13C228F0E59E00D81A7D /* InstagramUITests.swift */; };
		78AD13C528F0E59E00D81A7D /* InstagramUITestsLaunchTests.swift in Sources */ = {isa = PBXBuildFile; fileRef = 78AD13C428F0E59E00D81A7D /* InstagramUITestsLaunchTests.swift */; };
		78AD13D228F0EAA700D81A7D /* LoginViewController.swift in Sources */ = {isa = PBXBuildFile; fileRef = 78AD13D128F0EAA700D81A7D /* LoginViewController.swift */; };
		78AD13D428F0EABC00D81A7D /* FeedViewController.swift in Sources */ = {isa = PBXBuildFile; fileRef = 78AD13D328F0EABC00D81A7D /* FeedViewController.swift */; };
		78AD13D628F0F1E700D81A7D /* CameraViewController.swift in Sources */ = {isa = PBXBuildFile; fileRef = 78AD13D528F0F1E700D81A7D /* CameraViewController.swift */; };
		78AD13D828F0FBF100D81A7D /* PostCell.swift in Sources */ = {isa = PBXBuildFile; fileRef = 78AD13D728F0FBF100D81A7D /* PostCell.swift */; };
		86F2E09D0871217F41B6BE06 /* Pods_InstagramTests.framework in Frameworks */ = {isa = PBXBuildFile; fileRef = 9025636A8B9E1973F13D2062 /* Pods_InstagramTests.framework */; };
		AAD67589849090939B55732E /* Pods_Instagram.framework in Frameworks */ = {isa = PBXBuildFile; fileRef = 7262E56C95E082152F9EBDA4 /* Pods_Instagram.framework */; };
		B01FD3F0EB13FB96FF2C152F /* Pods_Instagram_InstagramUITests.framework in Frameworks */ = {isa = PBXBuildFile; fileRef = A2DBCD3307CCC70260B838D3 /* Pods_Instagram_InstagramUITests.framework */; };
/* End PBXBuildFile section */

/* Begin PBXContainerItemProxy section */
		78AD13B528F0E59E00D81A7D /* PBXContainerItemProxy */ = {
			isa = PBXContainerItemProxy;
			containerPortal = 78AD139628F0E59D00D81A7D /* Project object */;
			proxyType = 1;
			remoteGlobalIDString = 78AD139D28F0E59D00D81A7D;
			remoteInfo = Instagram;
		};
		78AD13BF28F0E59E00D81A7D /* PBXContainerItemProxy */ = {
			isa = PBXContainerItemProxy;
			containerPortal = 78AD139628F0E59D00D81A7D /* Project object */;
			proxyType = 1;
			remoteGlobalIDString = 78AD139D28F0E59D00D81A7D;
			remoteInfo = Instagram;
		};
/* End PBXContainerItemProxy section */

/* Begin PBXFileReference section */
		3BDCF1D3CD5B32C9C8E52B1D /* Pods-InstagramTests.release.xcconfig */ = {isa = PBXFileReference; includeInIndex = 1; lastKnownFileType = text.xcconfig; name = "Pods-InstagramTests.release.xcconfig"; path = "Target Support Files/Pods-InstagramTests/Pods-InstagramTests.release.xcconfig"; sourceTree = "<group>"; };
		5D5B3B53149B747FC89EEC69 /* Pods-Instagram.release.xcconfig */ = {isa = PBXFileReference; includeInIndex = 1; lastKnownFileType = text.xcconfig; name = "Pods-Instagram.release.xcconfig"; path = "Target Support Files/Pods-Instagram/Pods-Instagram.release.xcconfig"; sourceTree = "<group>"; };
		690BFC28748782E8F5777635 /* Pods-Instagram-InstagramUITests.debug.xcconfig */ = {isa = PBXFileReference; includeInIndex = 1; lastKnownFileType = text.xcconfig; name = "Pods-Instagram-InstagramUITests.debug.xcconfig"; path = "Target Support Files/Pods-Instagram-InstagramUITests/Pods-Instagram-InstagramUITests.debug.xcconfig"; sourceTree = "<group>"; };
		7262E56C95E082152F9EBDA4 /* Pods_Instagram.framework */ = {isa = PBXFileReference; explicitFileType = wrapper.framework; includeInIndex = 0; path = Pods_Instagram.framework; sourceTree = BUILT_PRODUCTS_DIR; };
		7873169128FE12E20002CE95 /* CommentCell.swift */ = {isa = PBXFileReference; lastKnownFileType = sourcecode.swift; path = CommentCell.swift; sourceTree = "<group>"; };
		78AD139E28F0E59D00D81A7D /* Instagram.app */ = {isa = PBXFileReference; explicitFileType = wrapper.application; includeInIndex = 0; path = Instagram.app; sourceTree = BUILT_PRODUCTS_DIR; };
		78AD13A128F0E59D00D81A7D /* AppDelegate.swift */ = {isa = PBXFileReference; lastKnownFileType = sourcecode.swift; path = AppDelegate.swift; sourceTree = "<group>"; };
		78AD13A328F0E59D00D81A7D /* SceneDelegate.swift */ = {isa = PBXFileReference; lastKnownFileType = sourcecode.swift; path = SceneDelegate.swift; sourceTree = "<group>"; };
		78AD13A828F0E59D00D81A7D /* Base */ = {isa = PBXFileReference; lastKnownFileType = file.storyboard; name = Base; path = Base.lproj/Main.storyboard; sourceTree = "<group>"; };
		78AD13AA28F0E59E00D81A7D /* Assets.xcassets */ = {isa = PBXFileReference; lastKnownFileType = folder.assetcatalog; path = Assets.xcassets; sourceTree = "<group>"; };
		78AD13AD28F0E59E00D81A7D /* Base */ = {isa = PBXFileReference; lastKnownFileType = file.storyboard; name = Base; path = Base.lproj/LaunchScreen.storyboard; sourceTree = "<group>"; };
		78AD13AF28F0E59E00D81A7D /* Info.plist */ = {isa = PBXFileReference; lastKnownFileType = text.plist.xml; path = Info.plist; sourceTree = "<group>"; };
		78AD13B428F0E59E00D81A7D /* InstagramTests.xctest */ = {isa = PBXFileReference; explicitFileType = wrapper.cfbundle; includeInIndex = 0; path = InstagramTests.xctest; sourceTree = BUILT_PRODUCTS_DIR; };
		78AD13B828F0E59E00D81A7D /* InstagramTests.swift */ = {isa = PBXFileReference; lastKnownFileType = sourcecode.swift; path = InstagramTests.swift; sourceTree = "<group>"; };
		78AD13BE28F0E59E00D81A7D /* InstagramUITests.xctest */ = {isa = PBXFileReference; explicitFileType = wrapper.cfbundle; includeInIndex = 0; path = InstagramUITests.xctest; sourceTree = BUILT_PRODUCTS_DIR; };
		78AD13C228F0E59E00D81A7D /* InstagramUITests.swift */ = {isa = PBXFileReference; lastKnownFileType = sourcecode.swift; path = InstagramUITests.swift; sourceTree = "<group>"; };
		78AD13C428F0E59E00D81A7D /* InstagramUITestsLaunchTests.swift */ = {isa = PBXFileReference; lastKnownFileType = sourcecode.swift; path = InstagramUITestsLaunchTests.swift; sourceTree = "<group>"; };
		78AD13D128F0EAA700D81A7D /* LoginViewController.swift */ = {isa = PBXFileReference; lastKnownFileType = sourcecode.swift; path = LoginViewController.swift; sourceTree = "<group>"; };
		78AD13D328F0EABC00D81A7D /* FeedViewController.swift */ = {isa = PBXFileReference; lastKnownFileType = sourcecode.swift; path = FeedViewController.swift; sourceTree = "<group>"; };
		78AD13D528F0F1E700D81A7D /* CameraViewController.swift */ = {isa = PBXFileReference; lastKnownFileType = sourcecode.swift; path = CameraViewController.swift; sourceTree = "<group>"; };
		78AD13D728F0FBF100D81A7D /* PostCell.swift */ = {isa = PBXFileReference; lastKnownFileType = sourcecode.swift; path = PostCell.swift; sourceTree = "<group>"; };
		799F1D1BB3F42BE1877117B6 /* Pods-Instagram.debug.xcconfig */ = {isa = PBXFileReference; includeInIndex = 1; lastKnownFileType = text.xcconfig; name = "Pods-Instagram.debug.xcconfig"; path = "Target Support Files/Pods-Instagram/Pods-Instagram.debug.xcconfig"; sourceTree = "<group>"; };
		9025636A8B9E1973F13D2062 /* Pods_InstagramTests.framework */ = {isa = PBXFileReference; explicitFileType = wrapper.framework; includeInIndex = 0; path = Pods_InstagramTests.framework; sourceTree = BUILT_PRODUCTS_DIR; };
		A0839F69EFBF7F5267B08D8D /* Pods-Instagram-InstagramUITests.release.xcconfig */ = {isa = PBXFileReference; includeInIndex = 1; lastKnownFileType = text.xcconfig; name = "Pods-Instagram-InstagramUITests.release.xcconfig"; path = "Target Support Files/Pods-Instagram-InstagramUITests/Pods-Instagram-InstagramUITests.release.xcconfig"; sourceTree = "<group>"; };
		A2DBCD3307CCC70260B838D3 /* Pods_Instagram_InstagramUITests.framework */ = {isa = PBXFileReference; explicitFileType = wrapper.framework; includeInIndex = 0; path = Pods_Instagram_InstagramUITests.framework; sourceTree = BUILT_PRODUCTS_DIR; };
		F3FB567F14B62284AD6D95B0 /* Pods-InstagramTests.debug.xcconfig */ = {isa = PBXFileReference; includeInIndex = 1; lastKnownFileType = text.xcconfig; name = "Pods-InstagramTests.debug.xcconfig"; path = "Target Support Files/Pods-InstagramTests/Pods-InstagramTests.debug.xcconfig"; sourceTree = "<group>"; };
/* End PBXFileReference section */

/* Begin PBXFrameworksBuildPhase section */
		78AD139B28F0E59D00D81A7D /* Frameworks */ = {
			isa = PBXFrameworksBuildPhase;
			buildActionMask = 2147483647;
			files = (
				AAD67589849090939B55732E /* Pods_Instagram.framework in Frameworks */,
			);
			runOnlyForDeploymentPostprocessing = 0;
		};
		78AD13B128F0E59E00D81A7D /* Frameworks */ = {
			isa = PBXFrameworksBuildPhase;
			buildActionMask = 2147483647;
			files = (
				86F2E09D0871217F41B6BE06 /* Pods_InstagramTests.framework in Frameworks */,
			);
			runOnlyForDeploymentPostprocessing = 0;
		};
		78AD13BB28F0E59E00D81A7D /* Frameworks */ = {
			isa = PBXFrameworksBuildPhase;
			buildActionMask = 2147483647;
			files = (
				B01FD3F0EB13FB96FF2C152F /* Pods_Instagram_InstagramUITests.framework in Frameworks */,
			);
			runOnlyForDeploymentPostprocessing = 0;
		};
/* End PBXFrameworksBuildPhase section */

/* Begin PBXGroup section */
		78AD139528F0E59D00D81A7D = {
			isa = PBXGroup;
			children = (
				78AD13A028F0E59D00D81A7D /* Instagram */,
				78AD13B728F0E59E00D81A7D /* InstagramTests */,
				78AD13C128F0E59E00D81A7D /* InstagramUITests */,
				78AD139F28F0E59D00D81A7D /* Products */,
				A4EE700B4B267905508BC56E /* Pods */,
				BA00B5118390FCA046761FB8 /* Frameworks */,
			);
			sourceTree = "<group>";
		};
		78AD139F28F0E59D00D81A7D /* Products */ = {
			isa = PBXGroup;
			children = (
				78AD139E28F0E59D00D81A7D /* Instagram.app */,
				78AD13B428F0E59E00D81A7D /* InstagramTests.xctest */,
				78AD13BE28F0E59E00D81A7D /* InstagramUITests.xctest */,
			);
			name = Products;
			sourceTree = "<group>";
		};
		78AD13A028F0E59D00D81A7D /* Instagram */ = {
			isa = PBXGroup;
			children = (
				78AD13A128F0E59D00D81A7D /* AppDelegate.swift */,
				78AD13A328F0E59D00D81A7D /* SceneDelegate.swift */,
				78AD13A728F0E59D00D81A7D /* Main.storyboard */,
				78AD13AA28F0E59E00D81A7D /* Assets.xcassets */,
				78AD13AC28F0E59E00D81A7D /* LaunchScreen.storyboard */,
				78AD13AF28F0E59E00D81A7D /* Info.plist */,
				78AD13D128F0EAA700D81A7D /* LoginViewController.swift */,
				78AD13D328F0EABC00D81A7D /* FeedViewController.swift */,
				78AD13D528F0F1E700D81A7D /* CameraViewController.swift */,
				78AD13D728F0FBF100D81A7D /* PostCell.swift */,
				7873169128FE12E20002CE95 /* CommentCell.swift */,
			);
			path = Instagram;
			sourceTree = "<group>";
		};
		78AD13B728F0E59E00D81A7D /* InstagramTests */ = {
			isa = PBXGroup;
			children = (
				78AD13B828F0E59E00D81A7D /* InstagramTests.swift */,
			);
			path = InstagramTests;
			sourceTree = "<group>";
		};
		78AD13C128F0E59E00D81A7D /* InstagramUITests */ = {
			isa = PBXGroup;
			children = (
				78AD13C228F0E59E00D81A7D /* InstagramUITests.swift */,
				78AD13C428F0E59E00D81A7D /* InstagramUITestsLaunchTests.swift */,
			);
			path = InstagramUITests;
			sourceTree = "<group>";
		};
		A4EE700B4B267905508BC56E /* Pods */ = {
			isa = PBXGroup;
			children = (
				799F1D1BB3F42BE1877117B6 /* Pods-Instagram.debug.xcconfig */,
				5D5B3B53149B747FC89EEC69 /* Pods-Instagram.release.xcconfig */,
				690BFC28748782E8F5777635 /* Pods-Instagram-InstagramUITests.debug.xcconfig */,
				A0839F69EFBF7F5267B08D8D /* Pods-Instagram-InstagramUITests.release.xcconfig */,
				F3FB567F14B62284AD6D95B0 /* Pods-InstagramTests.debug.xcconfig */,
				3BDCF1D3CD5B32C9C8E52B1D /* Pods-InstagramTests.release.xcconfig */,
			);
			path = Pods;
			sourceTree = "<group>";
		};
		BA00B5118390FCA046761FB8 /* Frameworks */ = {
			isa = PBXGroup;
			children = (
				7262E56C95E082152F9EBDA4 /* Pods_Instagram.framework */,
				A2DBCD3307CCC70260B838D3 /* Pods_Instagram_InstagramUITests.framework */,
				9025636A8B9E1973F13D2062 /* Pods_InstagramTests.framework */,
			);
			name = Frameworks;
			sourceTree = "<group>";
		};
/* End PBXGroup section */

/* Begin PBXNativeTarget section */
		78AD139D28F0E59D00D81A7D /* Instagram */ = {
			isa = PBXNativeTarget;
			buildConfigurationList = 78AD13C828F0E59E00D81A7D /* Build configuration list for PBXNativeTarget "Instagram" */;
			buildPhases = (
				262A7ADCEE068ED656612C72 /* [CP] Check Pods Manifest.lock */,
				78AD139A28F0E59D00D81A7D /* Sources */,
				78AD139B28F0E59D00D81A7D /* Frameworks */,
				78AD139C28F0E59D00D81A7D /* Resources */,
				E04DB5E73FA611327621423D /* [CP] Embed Pods Frameworks */,
			);
			buildRules = (
			);
			dependencies = (
			);
			name = Instagram;
			productName = Instagram;
			productReference = 78AD139E28F0E59D00D81A7D /* Instagram.app */;
			productType = "com.apple.product-type.application";
		};
		78AD13B328F0E59E00D81A7D /* InstagramTests */ = {
			isa = PBXNativeTarget;
			buildConfigurationList = 78AD13CB28F0E59E00D81A7D /* Build configuration list for PBXNativeTarget "InstagramTests" */;
			buildPhases = (
				09AFADF242C287268B7A4AE9 /* [CP] Check Pods Manifest.lock */,
				78AD13B028F0E59E00D81A7D /* Sources */,
				78AD13B128F0E59E00D81A7D /* Frameworks */,
				78AD13B228F0E59E00D81A7D /* Resources */,
			);
			buildRules = (
			);
			dependencies = (
				78AD13B628F0E59E00D81A7D /* PBXTargetDependency */,
			);
			name = InstagramTests;
			productName = InstagramTests;
			productReference = 78AD13B428F0E59E00D81A7D /* InstagramTests.xctest */;
			productType = "com.apple.product-type.bundle.unit-test";
		};
		78AD13BD28F0E59E00D81A7D /* InstagramUITests */ = {
			isa = PBXNativeTarget;
			buildConfigurationList = 78AD13CE28F0E59E00D81A7D /* Build configuration list for PBXNativeTarget "InstagramUITests" */;
			buildPhases = (
				42AD1B486005EE7185B4C172 /* [CP] Check Pods Manifest.lock */,
				78AD13BA28F0E59E00D81A7D /* Sources */,
				78AD13BB28F0E59E00D81A7D /* Frameworks */,
				78AD13BC28F0E59E00D81A7D /* Resources */,
				CA21AD9206D545C28C98DE91 /* [CP] Embed Pods Frameworks */,
			);
			buildRules = (
			);
			dependencies = (
				78AD13C028F0E59E00D81A7D /* PBXTargetDependency */,
			);
			name = InstagramUITests;
			productName = InstagramUITests;
			productReference = 78AD13BE28F0E59E00D81A7D /* InstagramUITests.xctest */;
			productType = "com.apple.product-type.bundle.ui-testing";
		};
/* End PBXNativeTarget section */

/* Begin PBXProject section */
		78AD139628F0E59D00D81A7D /* Project object */ = {
			isa = PBXProject;
			attributes = {
				BuildIndependentTargetsInParallel = 1;
				LastSwiftUpdateCheck = 1340;
				LastUpgradeCheck = 1340;
				TargetAttributes = {
					78AD139D28F0E59D00D81A7D = {
						CreatedOnToolsVersion = 13.4.1;
					};
					78AD13B328F0E59E00D81A7D = {
						CreatedOnToolsVersion = 13.4.1;
						TestTargetID = 78AD139D28F0E59D00D81A7D;
					};
					78AD13BD28F0E59E00D81A7D = {
						CreatedOnToolsVersion = 13.4.1;
						TestTargetID = 78AD139D28F0E59D00D81A7D;
					};
				};
			};
			buildConfigurationList = 78AD139928F0E59D00D81A7D /* Build configuration list for PBXProject "Instagram" */;
			compatibilityVersion = "Xcode 13.0";
			developmentRegion = en;
			hasScannedForEncodings = 0;
			knownRegions = (
				en,
				Base,
			);
			mainGroup = 78AD139528F0E59D00D81A7D;
			productRefGroup = 78AD139F28F0E59D00D81A7D /* Products */;
			projectDirPath = "";
			projectRoot = "";
			targets = (
				78AD139D28F0E59D00D81A7D /* Instagram */,
				78AD13B328F0E59E00D81A7D /* InstagramTests */,
				78AD13BD28F0E59E00D81A7D /* InstagramUITests */,
			);
		};
/* End PBXProject section */

/* Begin PBXResourcesBuildPhase section */
		78AD139C28F0E59D00D81A7D /* Resources */ = {
			isa = PBXResourcesBuildPhase;
			buildActionMask = 2147483647;
			files = (
				78AD13AE28F0E59E00D81A7D /* LaunchScreen.storyboard in Resources */,
				78AD13AB28F0E59E00D81A7D /* Assets.xcassets in Resources */,
				78AD13A928F0E59D00D81A7D /* Main.storyboard in Resources */,
			);
			runOnlyForDeploymentPostprocessing = 0;
		};
		78AD13B228F0E59E00D81A7D /* Resources */ = {
			isa = PBXResourcesBuildPhase;
			buildActionMask = 2147483647;
			files = (
			);
			runOnlyForDeploymentPostprocessing = 0;
		};
		78AD13BC28F0E59E00D81A7D /* Resources */ = {
			isa = PBXResourcesBuildPhase;
			buildActionMask = 2147483647;
			files = (
			);
			runOnlyForDeploymentPostprocessing = 0;
		};
/* End PBXResourcesBuildPhase section */

/* Begin PBXShellScriptBuildPhase section */
		09AFADF242C287268B7A4AE9 /* [CP] Check Pods Manifest.lock */ = {
			isa = PBXShellScriptBuildPhase;
			buildActionMask = 2147483647;
			files = (
			);
			inputFileListPaths = (
			);
			inputPaths = (
				"${PODS_PODFILE_DIR_PATH}/Podfile.lock",
				"${PODS_ROOT}/Manifest.lock",
			);
			name = "[CP] Check Pods Manifest.lock";
			outputFileListPaths = (
			);
			outputPaths = (
				"$(DERIVED_FILE_DIR)/Pods-InstagramTests-checkManifestLockResult.txt",
			);
			runOnlyForDeploymentPostprocessing = 0;
			shellPath = /bin/sh;
			shellScript = "diff \"${PODS_PODFILE_DIR_PATH}/Podfile.lock\" \"${PODS_ROOT}/Manifest.lock\" > /dev/null\nif [ $? != 0 ] ; then\n    # print error to STDERR\n    echo \"error: The sandbox is not in sync with the Podfile.lock. Run 'pod install' or update your CocoaPods installation.\" >&2\n    exit 1\nfi\n# This output is used by Xcode 'outputs' to avoid re-running this script phase.\necho \"SUCCESS\" > \"${SCRIPT_OUTPUT_FILE_0}\"\n";
			showEnvVarsInLog = 0;
		};
		262A7ADCEE068ED656612C72 /* [CP] Check Pods Manifest.lock */ = {
			isa = PBXShellScriptBuildPhase;
			buildActionMask = 2147483647;
			files = (
			);
			inputFileListPaths = (
			);
			inputPaths = (
				"${PODS_PODFILE_DIR_PATH}/Podfile.lock",
				"${PODS_ROOT}/Manifest.lock",
			);
			name = "[CP] Check Pods Manifest.lock";
			outputFileListPaths = (
			);
			outputPaths = (
				"$(DERIVED_FILE_DIR)/Pods-Instagram-checkManifestLockResult.txt",
			);
			runOnlyForDeploymentPostprocessing = 0;
			shellPath = /bin/sh;
			shellScript = "diff \"${PODS_PODFILE_DIR_PATH}/Podfile.lock\" \"${PODS_ROOT}/Manifest.lock\" > /dev/null\nif [ $? != 0 ] ; then\n    # print error to STDERR\n    echo \"error: The sandbox is not in sync with the Podfile.lock. Run 'pod install' or update your CocoaPods installation.\" >&2\n    exit 1\nfi\n# This output is used by Xcode 'outputs' to avoid re-running this script phase.\necho \"SUCCESS\" > \"${SCRIPT_OUTPUT_FILE_0}\"\n";
			showEnvVarsInLog = 0;
		};
		42AD1B486005EE7185B4C172 /* [CP] Check Pods Manifest.lock */ = {
			isa = PBXShellScriptBuildPhase;
			buildActionMask = 2147483647;
			files = (
			);
			inputFileListPaths = (
			);
			inputPaths = (
				"${PODS_PODFILE_DIR_PATH}/Podfile.lock",
				"${PODS_ROOT}/Manifest.lock",
			);
			name = "[CP] Check Pods Manifest.lock";
			outputFileListPaths = (
			);
			outputPaths = (
				"$(DERIVED_FILE_DIR)/Pods-Instagram-InstagramUITests-checkManifestLockResult.txt",
			);
			runOnlyForDeploymentPostprocessing = 0;
			shellPath = /bin/sh;
			shellScript = "diff \"${PODS_PODFILE_DIR_PATH}/Podfile.lock\" \"${PODS_ROOT}/Manifest.lock\" > /dev/null\nif [ $? != 0 ] ; then\n    # print error to STDERR\n    echo \"error: The sandbox is not in sync with the Podfile.lock. Run 'pod install' or update your CocoaPods installation.\" >&2\n    exit 1\nfi\n# This output is used by Xcode 'outputs' to avoid re-running this script phase.\necho \"SUCCESS\" > \"${SCRIPT_OUTPUT_FILE_0}\"\n";
			showEnvVarsInLog = 0;
		};
		CA21AD9206D545C28C98DE91 /* [CP] Embed Pods Frameworks */ = {
			isa = PBXShellScriptBuildPhase;
			buildActionMask = 2147483647;
			files = (
			);
			inputFileListPaths = (
				"${PODS_ROOT}/Target Support Files/Pods-Instagram-InstagramUITests/Pods-Instagram-InstagramUITests-frameworks-${CONFIGURATION}-input-files.xcfilelist",
			);
			name = "[CP] Embed Pods Frameworks";
			outputFileListPaths = (
				"${PODS_ROOT}/Target Support Files/Pods-Instagram-InstagramUITests/Pods-Instagram-InstagramUITests-frameworks-${CONFIGURATION}-output-files.xcfilelist",
			);
			runOnlyForDeploymentPostprocessing = 0;
			shellPath = /bin/sh;
			shellScript = "\"${PODS_ROOT}/Target Support Files/Pods-Instagram-InstagramUITests/Pods-Instagram-InstagramUITests-frameworks.sh\"\n";
			showEnvVarsInLog = 0;
		};
		E04DB5E73FA611327621423D /* [CP] Embed Pods Frameworks */ = {
			isa = PBXShellScriptBuildPhase;
			buildActionMask = 2147483647;
			files = (
			);
			inputFileListPaths = (
				"${PODS_ROOT}/Target Support Files/Pods-Instagram/Pods-Instagram-frameworks-${CONFIGURATION}-input-files.xcfilelist",
			);
			name = "[CP] Embed Pods Frameworks";
			outputFileListPaths = (
				"${PODS_ROOT}/Target Support Files/Pods-Instagram/Pods-Instagram-frameworks-${CONFIGURATION}-output-files.xcfilelist",
			);
			runOnlyForDeploymentPostprocessing = 0;
			shellPath = /bin/sh;
			shellScript = "\"${PODS_ROOT}/Target Support Files/Pods-Instagram/Pods-Instagram-frameworks.sh\"\n";
			showEnvVarsInLog = 0;
		};
/* End PBXShellScriptBuildPhase section */

/* Begin PBXSourcesBuildPhase section */
		78AD139A28F0E59D00D81A7D /* Sources */ = {
			isa = PBXSourcesBuildPhase;
			buildActionMask = 2147483647;
			files = (
				78AD13D228F0EAA700D81A7D /* LoginViewController.swift in Sources */,
				78AD13D628F0F1E700D81A7D /* CameraViewController.swift in Sources */,
				78AD13A228F0E59D00D81A7D /* AppDelegate.swift in Sources */,
				78AD13D428F0EABC00D81A7D /* FeedViewController.swift in Sources */,
				78AD13A428F0E59D00D81A7D /* SceneDelegate.swift in Sources */,
				78AD13D828F0FBF100D81A7D /* PostCell.swift in Sources */,
				7873169228FE12E20002CE95 /* CommentCell.swift in Sources */,
			);
			runOnlyForDeploymentPostprocessing = 0;
		};
		78AD13B028F0E59E00D81A7D /* Sources */ = {
			isa = PBXSourcesBuildPhase;
			buildActionMask = 2147483647;
			files = (
				78AD13B928F0E59E00D81A7D /* InstagramTests.swift in Sources */,
			);
			runOnlyForDeploymentPostprocessing = 0;
		};
		78AD13BA28F0E59E00D81A7D /* Sources */ = {
			isa = PBXSourcesBuildPhase;
			buildActionMask = 2147483647;
			files = (
				78AD13C328F0E59E00D81A7D /* InstagramUITests.swift in Sources */,
				78AD13C528F0E59E00D81A7D /* InstagramUITestsLaunchTests.swift in Sources */,
			);
			runOnlyForDeploymentPostprocessing = 0;
		};
/* End PBXSourcesBuildPhase section */

/* Begin PBXTargetDependency section */
		78AD13B628F0E59E00D81A7D /* PBXTargetDependency */ = {
			isa = PBXTargetDependency;
			target = 78AD139D28F0E59D00D81A7D /* Instagram */;
			targetProxy = 78AD13B528F0E59E00D81A7D /* PBXContainerItemProxy */;
		};
		78AD13C028F0E59E00D81A7D /* PBXTargetDependency */ = {
			isa = PBXTargetDependency;
			target = 78AD139D28F0E59D00D81A7D /* Instagram */;
			targetProxy = 78AD13BF28F0E59E00D81A7D /* PBXContainerItemProxy */;
		};
/* End PBXTargetDependency section */

/* Begin PBXVariantGroup section */
		78AD13A728F0E59D00D81A7D /* Main.storyboard */ = {
			isa = PBXVariantGroup;
			children = (
				78AD13A828F0E59D00D81A7D /* Base */,
			);
			name = Main.storyboard;
			sourceTree = "<group>";
		};
		78AD13AC28F0E59E00D81A7D /* LaunchScreen.storyboard */ = {
			isa = PBXVariantGroup;
			children = (
				78AD13AD28F0E59E00D81A7D /* Base */,
			);
			name = LaunchScreen.storyboard;
			sourceTree = "<group>";
		};
/* End PBXVariantGroup section */

/* Begin XCBuildConfiguration section */
		78AD13C628F0E59E00D81A7D /* Debug */ = {
			isa = XCBuildConfiguration;
			buildSettings = {
				ALWAYS_SEARCH_USER_PATHS = NO;
				CLANG_ANALYZER_NONNULL = YES;
				CLANG_ANALYZER_NUMBER_OBJECT_CONVERSION = YES_AGGRESSIVE;
				CLANG_CXX_LANGUAGE_STANDARD = "gnu++17";
				CLANG_ENABLE_MODULES = YES;
				CLANG_ENABLE_OBJC_ARC = YES;
				CLANG_ENABLE_OBJC_WEAK = YES;
				CLANG_WARN_BLOCK_CAPTURE_AUTORELEASING = YES;
				CLANG_WARN_BOOL_CONVERSION = YES;
				CLANG_WARN_COMMA = YES;
				CLANG_WARN_CONSTANT_CONVERSION = YES;
				CLANG_WARN_DEPRECATED_OBJC_IMPLEMENTATIONS = YES;
				CLANG_WARN_DIRECT_OBJC_ISA_USAGE = YES_ERROR;
				CLANG_WARN_DOCUMENTATION_COMMENTS = YES;
				CLANG_WARN_EMPTY_BODY = YES;
				CLANG_WARN_ENUM_CONVERSION = YES;
				CLANG_WARN_INFINITE_RECURSION = YES;
				CLANG_WARN_INT_CONVERSION = YES;
				CLANG_WARN_NON_LITERAL_NULL_CONVERSION = YES;
				CLANG_WARN_OBJC_IMPLICIT_RETAIN_SELF = YES;
				CLANG_WARN_OBJC_LITERAL_CONVERSION = YES;
				CLANG_WARN_OBJC_ROOT_CLASS = YES_ERROR;
				CLANG_WARN_QUOTED_INCLUDE_IN_FRAMEWORK_HEADER = YES;
				CLANG_WARN_RANGE_LOOP_ANALYSIS = YES;
				CLANG_WARN_STRICT_PROTOTYPES = YES;
				CLANG_WARN_SUSPICIOUS_MOVE = YES;
				CLANG_WARN_UNGUARDED_AVAILABILITY = YES_AGGRESSIVE;
				CLANG_WARN_UNREACHABLE_CODE = YES;
				CLANG_WARN__DUPLICATE_METHOD_MATCH = YES;
				COPY_PHASE_STRIP = NO;
				DEBUG_INFORMATION_FORMAT = dwarf;
				ENABLE_STRICT_OBJC_MSGSEND = YES;
				ENABLE_TESTABILITY = YES;
				GCC_C_LANGUAGE_STANDARD = gnu11;
				GCC_DYNAMIC_NO_PIC = NO;
				GCC_NO_COMMON_BLOCKS = YES;
				GCC_OPTIMIZATION_LEVEL = 0;
				GCC_PREPROCESSOR_DEFINITIONS = (
					"DEBUG=1",
					"$(inherited)",
				);
				GCC_WARN_64_TO_32_BIT_CONVERSION = YES;
				GCC_WARN_ABOUT_RETURN_TYPE = YES_ERROR;
				GCC_WARN_UNDECLARED_SELECTOR = YES;
				GCC_WARN_UNINITIALIZED_AUTOS = YES_AGGRESSIVE;
				GCC_WARN_UNUSED_FUNCTION = YES;
				GCC_WARN_UNUSED_VARIABLE = YES;
				IPHONEOS_DEPLOYMENT_TARGET = 15.5;
				MTL_ENABLE_DEBUG_INFO = INCLUDE_SOURCE;
				MTL_FAST_MATH = YES;
				ONLY_ACTIVE_ARCH = YES;
				SDKROOT = iphoneos;
				SWIFT_ACTIVE_COMPILATION_CONDITIONS = DEBUG;
				SWIFT_OPTIMIZATION_LEVEL = "-Onone";
			};
			name = Debug;
		};
		78AD13C728F0E59E00D81A7D /* Release */ = {
			isa = XCBuildConfiguration;
			buildSettings = {
				ALWAYS_SEARCH_USER_PATHS = NO;
				CLANG_ANALYZER_NONNULL = YES;
				CLANG_ANALYZER_NUMBER_OBJECT_CONVERSION = YES_AGGRESSIVE;
				CLANG_CXX_LANGUAGE_STANDARD = "gnu++17";
				CLANG_ENABLE_MODULES = YES;
				CLANG_ENABLE_OBJC_ARC = YES;
				CLANG_ENABLE_OBJC_WEAK = YES;
				CLANG_WARN_BLOCK_CAPTURE_AUTORELEASING = YES;
				CLANG_WARN_BOOL_CONVERSION = YES;
				CLANG_WARN_COMMA = YES;
				CLANG_WARN_CONSTANT_CONVERSION = YES;
				CLANG_WARN_DEPRECATED_OBJC_IMPLEMENTATIONS = YES;
				CLANG_WARN_DIRECT_OBJC_ISA_USAGE = YES_ERROR;
				CLANG_WARN_DOCUMENTATION_COMMENTS = YES;
				CLANG_WARN_EMPTY_BODY = YES;
				CLANG_WARN_ENUM_CONVERSION = YES;
				CLANG_WARN_INFINITE_RECURSION = YES;
				CLANG_WARN_INT_CONVERSION = YES;
				CLANG_WARN_NON_LITERAL_NULL_CONVERSION = YES;
				CLANG_WARN_OBJC_IMPLICIT_RETAIN_SELF = YES;
				CLANG_WARN_OBJC_LITERAL_CONVERSION = YES;
				CLANG_WARN_OBJC_ROOT_CLASS = YES_ERROR;
				CLANG_WARN_QUOTED_INCLUDE_IN_FRAMEWORK_HEADER = YES;
				CLANG_WARN_RANGE_LOOP_ANALYSIS = YES;
				CLANG_WARN_STRICT_PROTOTYPES = YES;
				CLANG_WARN_SUSPICIOUS_MOVE = YES;
				CLANG_WARN_UNGUARDED_AVAILABILITY = YES_AGGRESSIVE;
				CLANG_WARN_UNREACHABLE_CODE = YES;
				CLANG_WARN__DUPLICATE_METHOD_MATCH = YES;
				COPY_PHASE_STRIP = NO;
				DEBUG_INFORMATION_FORMAT = "dwarf-with-dsym";
				ENABLE_NS_ASSERTIONS = NO;
				ENABLE_STRICT_OBJC_MSGSEND = YES;
				GCC_C_LANGUAGE_STANDARD = gnu11;
				GCC_NO_COMMON_BLOCKS = YES;
				GCC_WARN_64_TO_32_BIT_CONVERSION = YES;
				GCC_WARN_ABOUT_RETURN_TYPE = YES_ERROR;
				GCC_WARN_UNDECLARED_SELECTOR = YES;
				GCC_WARN_UNINITIALIZED_AUTOS = YES_AGGRESSIVE;
				GCC_WARN_UNUSED_FUNCTION = YES;
				GCC_WARN_UNUSED_VARIABLE = YES;
				IPHONEOS_DEPLOYMENT_TARGET = 15.5;
				MTL_ENABLE_DEBUG_INFO = NO;
				MTL_FAST_MATH = YES;
				SDKROOT = iphoneos;
				SWIFT_COMPILATION_MODE = wholemodule;
				SWIFT_OPTIMIZATION_LEVEL = "-O";
				VALIDATE_PRODUCT = YES;
			};
			name = Release;
		};
		78AD13C928F0E59E00D81A7D /* Debug */ = {
			isa = XCBuildConfiguration;
			baseConfigurationReference = 799F1D1BB3F42BE1877117B6 /* Pods-Instagram.debug.xcconfig */;
			buildSettings = {
				ASSETCATALOG_COMPILER_APPICON_NAME = AppIcon;
				ASSETCATALOG_COMPILER_GLOBAL_ACCENT_COLOR_NAME = AccentColor;
				CODE_SIGN_STYLE = Automatic;
				CURRENT_PROJECT_VERSION = 1;
				DEVELOPMENT_TEAM = QMCTKQQGRT;
				GENERATE_INFOPLIST_FILE = YES;
				INFOPLIST_FILE = Instagram/Info.plist;
				INFOPLIST_KEY_UIApplicationSupportsIndirectInputEvents = YES;
				INFOPLIST_KEY_UILaunchStoryboardName = LaunchScreen;
				INFOPLIST_KEY_UIMainStoryboardFile = Main;
				INFOPLIST_KEY_UISupportedInterfaceOrientations_iPad = "UIInterfaceOrientationPortrait UIInterfaceOrientationPortraitUpsideDown UIInterfaceOrientationLandscapeLeft UIInterfaceOrientationLandscapeRight";
				INFOPLIST_KEY_UISupportedInterfaceOrientations_iPhone = "UIInterfaceOrientationPortrait UIInterfaceOrientationLandscapeLeft UIInterfaceOrientationLandscapeRight";
				LD_RUNPATH_SEARCH_PATHS = (
					"$(inherited)",
					"@executable_path/Frameworks",
				);
				MARKETING_VERSION = 1.0;
				PRODUCT_BUNDLE_IDENTIFIER = com.chrispuglisi.Instagram;
				PRODUCT_NAME = "$(TARGET_NAME)";
				SWIFT_EMIT_LOC_STRINGS = YES;
				SWIFT_VERSION = 5.0;
				TARGETED_DEVICE_FAMILY = "1,2";
			};
			name = Debug;
		};
		78AD13CA28F0E59E00D81A7D /* Release */ = {
			isa = XCBuildConfiguration;
			baseConfigurationReference = 5D5B3B53149B747FC89EEC69 /* Pods-Instagram.release.xcconfig */;
			buildSettings = {
				ASSETCATALOG_COMPILER_APPICON_NAME = AppIcon;
				ASSETCATALOG_COMPILER_GLOBAL_ACCENT_COLOR_NAME = AccentColor;
				CODE_SIGN_STYLE = Automatic;
				CURRENT_PROJECT_VERSION = 1;
				DEVELOPMENT_TEAM = QMCTKQQGRT;
				GENERATE_INFOPLIST_FILE = YES;
				INFOPLIST_FILE = Instagram/Info.plist;
				INFOPLIST_KEY_UIApplicationSupportsIndirectInputEvents = YES;
				INFOPLIST_KEY_UILaunchStoryboardName = LaunchScreen;
				INFOPLIST_KEY_UIMainStoryboardFile = Main;
				INFOPLIST_KEY_UISupportedInterfaceOrientations_iPad = "UIInterfaceOrientationPortrait UIInterfaceOrientationPortraitUpsideDown UIInterfaceOrientationLandscapeLeft UIInterfaceOrientationLandscapeRight";
				INFOPLIST_KEY_UISupportedInterfaceOrientations_iPhone = "UIInterfaceOrientationPortrait UIInterfaceOrientationLandscapeLeft UIInterfaceOrientationLandscapeRight";
				LD_RUNPATH_SEARCH_PATHS = (
					"$(inherited)",
					"@executable_path/Frameworks",
				);
				MARKETING_VERSION = 1.0;
				PRODUCT_BUNDLE_IDENTIFIER = com.chrispuglisi.Instagram;
				PRODUCT_NAME = "$(TARGET_NAME)";
				SWIFT_EMIT_LOC_STRINGS = YES;
				SWIFT_VERSION = 5.0;
				TARGETED_DEVICE_FAMILY = "1,2";
			};
			name = Release;
		};
		78AD13CC28F0E59E00D81A7D /* Debug */ = {
			isa = XCBuildConfiguration;
			baseConfigurationReference = F3FB567F14B62284AD6D95B0 /* Pods-InstagramTests.debug.xcconfig */;
			buildSettings = {
				ALWAYS_EMBED_SWIFT_STANDARD_LIBRARIES = YES;
				BUNDLE_LOADER = "$(TEST_HOST)";
				CODE_SIGN_STYLE = Automatic;
				CURRENT_PROJECT_VERSION = 1;
				DEVELOPMENT_TEAM = QMCTKQQGRT;
				GENERATE_INFOPLIST_FILE = YES;
				IPHONEOS_DEPLOYMENT_TARGET = 15.5;
				MARKETING_VERSION = 1.0;
				PRODUCT_BUNDLE_IDENTIFIER = com.chrispuglisi.InstagramTests;
				PRODUCT_NAME = "$(TARGET_NAME)";
				SWIFT_EMIT_LOC_STRINGS = NO;
				SWIFT_VERSION = 5.0;
				TARGETED_DEVICE_FAMILY = "1,2";
				TEST_HOST = "$(BUILT_PRODUCTS_DIR)/Instagram.app/Instagram";
			};
			name = Debug;
		};
		78AD13CD28F0E59E00D81A7D /* Release */ = {
			isa = XCBuildConfiguration;
			baseConfigurationReference = 3BDCF1D3CD5B32C9C8E52B1D /* Pods-InstagramTests.release.xcconfig */;
			buildSettings = {
				ALWAYS_EMBED_SWIFT_STANDARD_LIBRARIES = YES;
				BUNDLE_LOADER = "$(TEST_HOST)";
				CODE_SIGN_STYLE = Automatic;
				CURRENT_PROJECT_VERSION = 1;
				DEVELOPMENT_TEAM = QMCTKQQGRT;
				GENERATE_INFOPLIST_FILE = YES;
				IPHONEOS_DEPLOYMENT_TARGET = 15.5;
				MARKETING_VERSION = 1.0;
				PRODUCT_BUNDLE_IDENTIFIER = com.chrispuglisi.InstagramTests;
				PRODUCT_NAME = "$(TARGET_NAME)";
				SWIFT_EMIT_LOC_STRINGS = NO;
				SWIFT_VERSION = 5.0;
				TARGETED_DEVICE_FAMILY = "1,2";
				TEST_HOST = "$(BUILT_PRODUCTS_DIR)/Instagram.app/Instagram";
			};
			name = Release;
		};
		78AD13CF28F0E59E00D81A7D /* Debug */ = {
			isa = XCBuildConfiguration;
			baseConfigurationReference = 690BFC28748782E8F5777635 /* Pods-Instagram-InstagramUITests.debug.xcconfig */;
			buildSettings = {
				ALWAYS_EMBED_SWIFT_STANDARD_LIBRARIES = YES;
				CODE_SIGN_STYLE = Automatic;
				CURRENT_PROJECT_VERSION = 1;
				DEVELOPMENT_TEAM = QMCTKQQGRT;
				GENERATE_INFOPLIST_FILE = YES;
				MARKETING_VERSION = 1.0;
				PRODUCT_BUNDLE_IDENTIFIER = com.chrispuglisi.InstagramUITests;
				PRODUCT_NAME = "$(TARGET_NAME)";
				SWIFT_EMIT_LOC_STRINGS = NO;
				SWIFT_VERSION = 5.0;
				TARGETED_DEVICE_FAMILY = "1,2";
				TEST_TARGET_NAME = Instagram;
			};
			name = Debug;
		};
		78AD13D028F0E59E00D81A7D /* Release */ = {
			isa = XCBuildConfiguration;
			baseConfigurationReference = A0839F69EFBF7F5267B08D8D /* Pods-Instagram-InstagramUITests.release.xcconfig */;
			buildSettings = {
				ALWAYS_EMBED_SWIFT_STANDARD_LIBRARIES = YES;
				CODE_SIGN_STYLE = Automatic;
				CURRENT_PROJECT_VERSION = 1;
				DEVELOPMENT_TEAM = QMCTKQQGRT;
				GENERATE_INFOPLIST_FILE = YES;
				MARKETING_VERSION = 1.0;
				PRODUCT_BUNDLE_IDENTIFIER = com.chrispuglisi.InstagramUITests;
				PRODUCT_NAME = "$(TARGET_NAME)";
				SWIFT_EMIT_LOC_STRINGS = NO;
				SWIFT_VERSION = 5.0;
				TARGETED_DEVICE_FAMILY = "1,2";
				TEST_TARGET_NAME = Instagram;
			};
			name = Release;
		};
/* End XCBuildConfiguration section */

/* Begin XCConfigurationList section */
		78AD139928F0E59D00D81A7D /* Build configuration list for PBXProject "Instagram" */ = {
			isa = XCConfigurationList;
			buildConfigurations = (
				78AD13C628F0E59E00D81A7D /* Debug */,
				78AD13C728F0E59E00D81A7D /* Release */,
			);
			defaultConfigurationIsVisible = 0;
			defaultConfigurationName = Release;
		};
		78AD13C828F0E59E00D81A7D /* Build configuration list for PBXNativeTarget "Instagram" */ = {
			isa = XCConfigurationList;
			buildConfigurations = (
				78AD13C928F0E59E00D81A7D /* Debug */,
				78AD13CA28F0E59E00D81A7D /* Release */,
			);
			defaultConfigurationIsVisible = 0;
			defaultConfigurationName = Release;
		};
		78AD13CB28F0E59E00D81A7D /* Build configuration list for PBXNativeTarget "InstagramTests" */ = {
			isa = XCConfigurationList;
			buildConfigurations = (
				78AD13CC28F0E59E00D81A7D /* Debug */,
				78AD13CD28F0E59E00D81A7D /* Release */,
			);
			defaultConfigurationIsVisible = 0;
			defaultConfigurationName = Release;
		};
		78AD13CE28F0E59E00D81A7D /* Build configuration list for PBXNativeTarget "InstagramUITests" */ = {
			isa = XCConfigurationList;
			buildConfigurations = (
				78AD13CF28F0E59E00D81A7D /* Debug */,
				78AD13D028F0E59E00D81A7D /* Release */,
			);
			defaultConfigurationIsVisible = 0;
			defaultConfigurationName = Release;
		};
/* End XCConfigurationList section */
	};
	rootObject = 78AD139628F0E59D00D81A7D /* Project object */;
}
